
Microsoft Visual Studio Solution File, Format Version 12.00
# Visual Studio 2017
Project("{FAE04EC0-301F-11D3-BF4B-00C04F79EFBC}") = "Darkest", "Darkest.csproj", "{F08B12FA-E4AE-1727-388D-15A50AEE0A6F}"
EndProject
Project("{FAE04EC0-301F-11D3-BF4B-00C04F79EFBC}") = "Darkest.Plugins", "Darkest.Plugins.csproj", "{6E7DD707-97CA-DA26-C446-4C26933E30C0}"
EndProject
Project("{FAE04EC0-301F-11D3-BF4B-00C04F79EFBC}") = "Darkest.Editor", "Darkest.Editor.csproj", "{259D81CA-5CFE-6437-7A3C-C10E89EAC2C3}"
EndProject
Global
	GlobalSection(SolutionConfigurationPlatforms) = preSolution
		Debug|Any CPU = Debug|Any CPU
		Release|Any CPU = Release|Any CPU
	EndGlobalSection
	GlobalSection(ProjectConfigurationPlatforms) = postSolution
		{F08B12FA-E4AE-1727-388D-15A50AEE0A6F}.Debug|Any CPU.ActiveCfg = Debug|Any CPU
		{F08B12FA-E4AE-1727-388D-15A50AEE0A6F}.Debug|Any CPU.Build.0 = Debug|Any CPU
		{F08B12FA-E4AE-1727-388D-15A50AEE0A6F}.Release|Any CPU.ActiveCfg = Release|Any CPU
		{F08B12FA-E4AE-1727-388D-15A50AEE0A6F}.Release|Any CPU.Build.0 = Release|Any CPU
		{6E7DD707-97CA-DA26-C446-4C26933E30C0}.Debug|Any CPU.ActiveCfg = Debug|Any CPU
		{6E7DD707-97CA-DA26-C446-4C26933E30C0}.Debug|Any CPU.Build.0 = Debug|Any CPU
		{6E7DD707-97CA-DA26-C446-4C26933E30C0}.Release|Any CPU.ActiveCfg = Release|Any CPU
		{6E7DD707-97CA-DA26-C446-4C26933E30C0}.Release|Any CPU.Build.0 = Release|Any CPU
		{259D81CA-5CFE-6437-7A3C-C10E89EAC2C3}.Debug|Any CPU.ActiveCfg = Debug|Any CPU
		{259D81CA-5CFE-6437-7A3C-C10E89EAC2C3}.Debug|Any CPU.Build.0 = Debug|Any CPU
		{259D81CA-5CFE-6437-7A3C-C10E89EAC2C3}.Release|Any CPU.ActiveCfg = Release|Any CPU
		{259D81CA-5CFE-6437-7A3C-C10E89EAC2C3}.Release|Any CPU.Build.0 = Release|Any CPU
	EndGlobalSection
	GlobalSection(SolutionProperties) = preSolution
		HideSolutionNode = FALSE
	EndGlobalSection
EndGlobal
